
Microsoft Visual Studio Solution File, Format Version 12.00
# Visual Studio 15
VisualStudioVersion = 15.0.28010.2050
MinimumVisualStudioVersion = 10.0.40219.1
Project("{FAE04EC0-301F-11D3-BF4B-00C04F79EFBC}") = "AutoRepair", "AutoRepair\AutoRepair.csproj", "{B8E789ED-63CD-4BAF-8910-CA6EDDD4E548}"
EndProject
Global
	GlobalSection(SolutionConfigurationPlatforms) = preSolution
		Debug|Any CPU = Debug|Any CPU
		Release|Any CPU = Release|Any CPU
	EndGlobalSection
	GlobalSection(ProjectConfigurationPlatforms) = postSolution
		{B8E789ED-63CD-4BAF-8910-CA6EDDD4E548}.Debug|Any CPU.ActiveCfg = Debug|Any CPU
		{B8E789ED-63CD-4BAF-8910-CA6EDDD4E548}.Debug|Any CPU.Build.0 = Debug|Any CPU
		{B8E789ED-63CD-4BAF-8910-CA6EDDD4E548}.Release|Any CPU.ActiveCfg = Release|Any CPU
		{B8E789ED-63CD-4BAF-8910-CA6EDDD4E548}.Release|Any CPU.Build.0 = Release|Any CPU
	EndGlobalSection
	GlobalSection(SolutionProperties) = preSolution
		HideSolutionNode = FALSE
	EndGlobalSection
	GlobalSection(ExtensibilityGlobals) = postSolution
		SolutionGuid = {F0F14F6E-86C4-4860-B95A-AE74F7761CF2}
	EndGlobalSection
EndGlobal
